
Microsoft Visual Studio Solution File, Format Version 12.00
# Visual Studio 15
VisualStudioVersion = 15.0.27428.2015
MinimumVisualStudioVersion = 10.0.40219.1
Project("{9092AA53-FB77-4645-B42D-1CCCA6BD08BD}") = "wallstreet", "wallstreet.njsproj", "{8FB1F87F-0550-49E9-AE3C-CA911CAE94D4}"
EndProject
Global
	GlobalSection(SolutionConfigurationPlatforms) = preSolution
		Debug|Any CPU = Debug|Any CPU
		Release|Any CPU = Release|Any CPU
	EndGlobalSection
	GlobalSection(ProjectConfigurationPlatforms) = postSolution
		{8FB1F87F-0550-49E9-AE3C-CA911CAE94D4}.Debug|Any CPU.ActiveCfg = Debug|Any CPU
		{8FB1F87F-0550-49E9-AE3C-CA911CAE94D4}.Debug|Any CPU.Build.0 = Debug|Any CPU
		{8FB1F87F-0550-49E9-AE3C-CA911CAE94D4}.Release|Any CPU.ActiveCfg = Release|Any CPU
		{8FB1F87F-0550-49E9-AE3C-CA911CAE94D4}.Release|Any CPU.Build.0 = Release|Any CPU
	EndGlobalSection
	GlobalSection(SolutionProperties) = preSolution
		HideSolutionNode = FALSE
	EndGlobalSection
	GlobalSection(ExtensibilityGlobals) = postSolution
		SolutionGuid = {5930B520-7350-485F-9161-0A2AC821A6E6}
	EndGlobalSection
EndGlobal
